Microsoft Visual Studio Solution File, Format Version 12.00
# Visual Studio Version 17
VisualStudioVersion = 17.5.2.0
MinimumVisualStudioVersion = 10.0.40219.1
Project("{FAE04EC0-301F-11D3-BF4B-00C04F79EFBC}") = "testingN8N", "testingN8N.csproj", "{920B1B5F-C755-3788-AD93-FDBAC6AEB0AD}"
EndProject
Global
	GlobalSection(SolutionConfigurationPlatforms) = preSolution
		Debug|Any CPU = Debug|Any CPU
		Release|Any CPU = Release|Any CPU
	EndGlobalSection
	GlobalSection(ProjectConfigurationPlatforms) = postSolution
		{920B1B5F-C755-3788-AD93-FDBAC6AEB0AD}.Debug|Any CPU.ActiveCfg = Debug|Any CPU
		{920B1B5F-C755-3788-AD93-FDBAC6AEB0AD}.Debug|Any CPU.Build.0 = Debug|Any CPU
		{920B1B5F-C755-3788-AD93-FDBAC6AEB0AD}.Release|Any CPU.ActiveCfg = Release|Any CPU
		{920B1B5F-C755-3788-AD93-FDBAC6AEB0AD}.Release|Any CPU.Build.0 = Release|Any CPU
	EndGlobalSection
	GlobalSection(SolutionProperties) = preSolution
		HideSolutionNode = FALSE
	EndGlobalSection
	GlobalSection(ExtensibilityGlobals) = postSolution
		SolutionGuid = {09AD97AE-D714-41B9-A2CD-D282BFC5C6EA}
	EndGlobalSection
EndGlobal
